<?xml version="1.0" encoding="utf-8"?>
<Project ToolsVersion="4.0" xmlns="http://schemas.microsoft.com/developer/msbuild/2003">
  <ItemGroup>
    <Filter Include="Source Files">
      <UniqueIdentifier>{4FC737F1-C7A5-4376-A066-2A32D752A2FF}</UniqueIdentifier>
      <Extensions>cpp;c;cc;cxx;c++;cppm;ixx;def;odl;idl;hpj;bat;asm;asmx</Extensions>
    </Filter>
    <Filter Include="Header Files">
      <UniqueIdentifier>{93995380-89BD-4b04-88EB-625FBE52EBFB}</UniqueIdentifier>
      <Extensions>h;hh;hpp;hxx;h++;hm;inl;inc;ipp;xsd</Extensions>
    </Filter>
    <Filter Include="Resource Files">
      <UniqueIdentifier>{67DA6AB6-F800-4c08-8B7A-83BB121AAD01}</UniqueIdentifier>
      <Extensions>rc;ico;cur;bmp;dlg;rc2;rct;bin;rgs;gif;jpg;jpeg;jpe;resx;tiff;tif;png;wav;mfcribbon-ms</Extensions>
    </Filter>
  </ItemGroup>
  <ItemGroup>
    <ClInclude Include="LillisENG\EngineStuffs\Component.h">
      <Filter>Header Files</Filter>
    </ClInclude>
    <ClInclude Include="LillisENG\EngineStuffs\GameObject.h">
      <Filter>Header Files</Filter>
    </ClInclude>
    <ClInclude Include="LillisENG\EngineStuffs\GameObjectManager.h">
      <Filter>Header Files</Filter>
    </ClInclude>
    <ClInclude Include="LillisENG\EngineStuffs\Transform.h">
      <Filter>Header Files</Filter>
    </ClInclude>
    <ClInclude Include="LillisENG\Engine.h">
      <Filter>Header Files</Filter>
    </ClInclude>
    <ClInclude Include="LillisENG\EngineStuffs\Audio\AudioSystem.h">
      <Filter>Header Files</Filter>
    </ClInclude>
    <ClInclude Include="LillisENG\EngineStuffs\Behaviors\Behavior.h">
      <Filter>Header Files</Filter>
    </ClInclude>
    <ClInclude Include="LillisENG\EngineStuffs\Behaviors\BehaviorSystem.h">
      <Filter>Header Files</Filter>
    </ClInclude>
    <ClInclude Include="LillisENG\EngineStuffs\Behaviors\PlayerController.h">
      <Filter>Header Files</Filter>
    </ClInclude>
    <ClInclude Include="LillisENG\EngineStuffs\Behaviors\Rotator.h">
      <Filter>Header Files</Filter>
    </ClInclude>
    <ClInclude Include="LillisENG\EngineStuffs\Physics\PhysicsSystem.h">
      <Filter>Header Files</Filter>
    </ClInclude>
    <ClInclude Include="LillisENG\EngineStuffs\Physics\RectangleCollider.h">
      <Filter>Header Files</Filter>
    </ClInclude>
    <ClInclude Include="LillisENG\EngineStuffs\Graphics\Color.h">
      <Filter>Header Files</Filter>
    </ClInclude>
    <ClInclude Include="LillisENG\EngineStuffs\Graphics\GraphicsSystem.h">
      <Filter>Header Files</Filter>
    </ClInclude>
    <ClInclude Include="LillisENG\EngineStuffs\Graphics\RectangleRenderer.h">
      <Filter>Header Files</Filter>
    </ClInclude>
    <ClInclude Include="LillisENG\Engine.h">
      <Filter>Header Files</Filter>
    </ClInclude>
    <ClInclude Include="LillisENG\Lillis.h">
      <Filter>Header Files</Filter>
    </ClInclude>
    <ClInclude Include="LillisENG\System\System.h">
      <Filter>Header Files</Filter>
    </ClInclude>
    <ClInclude Include="LillisENG\System\System_Common.h">
      <Filter>Header Files</Filter>
    </ClInclude>
    <ClInclude Include="LillisENG\System\System_Win32.h">
      <Filter>Header Files</Filter>
    </ClInclude>
    <ClInclude Include="LillisENG\Utils\Timing.h">
      <Filter>Header Files</Filter>
    </ClInclude>
    <ClInclude Include="LillisENG\Utils\InputSystem.h">
      <Filter>Header Files</Filter>
    </ClInclude>
    <ClInclude Include="LillisENG\Utils\SceneLoader.h">
      <Filter>Header Files</Filter>
    </ClInclude>
    <ClInclude Include="LillisENG\Utils\StackAllocator.h">
      <Filter>Header Files</Filter>
    </ClInclude>
    <ClInclude Include="LillisENG\Utils\Events\EditorEvent.h">
      <Filter>Header Files</Filter>
    </ClInclude>
    <ClInclude Include="LillisENG\Utils\Events\Event.h">
      <Filter>Header Files</Filter>
    </ClInclude>
    <ClInclude Include="LillisENG\Utils\Events\EventListener.h">
      <Filter>Header Files</Filter>
    </ClInclude>
    <ClInclude Include="LillisENG\Utils\Events\EventSystem.h">
      <Filter>Header Files</Filter>
    </ClInclude>
    <ClInclude Include="LillisENG\Utils\Events\GameEvent.h">
      <Filter>Header Files</Filter>
    </ClInclude>
    <ClInclude Include="LillisENG\Utils\Events\InputEvent.h">
      <Filter>Header Files</Filter>
    </ClInclude>
    <ClInclude Include="LillisENG\pch.h">
      <Filter>Header Files</Filter>
    </ClInclude>
  </ItemGroup>
  <ItemGroup>
    <ClCompile Include="LillisENG\EngineStuffs\GameObject.cpp">
      <Filter>Source Files</Filter>
    </ClCompile>
    <ClCompile Include="LillisENG\EngineStuffs\GameObjectManager.cpp">
      <Filter>Source Files</Filter>
    </ClCompile>
    <ClCompile Include="LillisENG\Engine.cpp">
      <Filter>Source Files</Filter>
    </ClCompile>
    <ClCompile Include="LillisENG\EngineStuffs\Behaviors\PlayerController.cpp">
      <Filter>Source Files</Filter>
    </ClCompile>
    <ClCompile Include="LillisENG\EngineStuffs\Behaviors\Rotator.cpp">
      <Filter>Source Files</Filter>
    </ClCompile>
    <ClCompile Include="LillisENG\EngineStuffs\Physics\RectangleCollider.cpp">
      <Filter>Source Files</Filter>
    </ClCompile>
    <ClCompile Include="LillisENG\EngineStuffs\Graphics\RectangleRenderer.cpp">
      <Filter>Source Files</Filter>
    </ClCompile>
    <ClCompile Include="LillisENG\Engine.cpp">
      <Filter>Source Files</Filter>
    </ClCompile>
    <ClCompile Include="LillisENG\System\System_Win32.cpp">
      <Filter>Source Files</Filter>
    </ClCompile>
    <ClCompile Include="LillisENG\Utils\InputSystem.cpp">
      <Filter>Source Files</Filter>
    </ClCompile>
    <ClCompile Include="LillisENG\Utils\SceneLoader.cpp">
      <Filter>Source Files</Filter>
    </ClCompile>
    <ClCompile Include="LillisENG\Utils\Events\EditorEvent.cpp">
      <Filter>Source Files</Filter>
    </ClCompile>
    <ClCompile Include="LillisENG\Utils\Events\Event.cpp">
      <Filter>Source Files</Filter>
    </ClCompile>
    <ClCompile Include="LillisENG\Utils\Events\EventListener.cpp">
      <Filter>Source Files</Filter>
    </ClCompile>
    <ClCompile Include="LillisENG\Utils\Events\EventSystem.cpp">
      <Filter>Source Files</Filter>
    </ClCompile>
    <ClCompile Include="LillisENG\Utils\Events\GameEvent.cpp">
      <Filter>Source Files</Filter>
    </ClCompile>
    <ClCompile Include="LillisENG\Utils\Events\InputEvent.cpp">
      <Filter>Source Files</Filter>
    </ClCompile>
    <ClCompile Include="LillisENG\EngineStuffs\Behaviors\Behavior.cpp">
      <Filter>Source Files</Filter>
    </ClCompile>
    <ClCompile Include="LillisENG\pch.cpp">
      <Filter>Source Files</Filter>
    </ClCompile>
    <ClCompile Include="LillisENG\Utils\StackAllocator.cpp">
      <Filter>Source Files</Filter>
    </ClCompile>
    <ClCompile Include="LillisENG\EngineStuffs\Graphics\GraphicsSystem.cpp">
      <Filter>Source Files</Filter>
    </ClCompile>
  </ItemGroup>
</Project>